
Microsoft Visual Studio Solution File, Format Version 10.00
# Visual Studio 2008
Project("{930C7802-8A8C-48F9-8165-68863BCCD9DD}") = "EE_NI", "EE_NI.wixproj", "{C48CADD9-CCFF-4819-A860-840FC26E90AE}"
EndProject
Global
	GlobalSection(SolutionConfigurationPlatforms) = preSolution
		Debug|x64 = Debug|x64
		Debug|x86 = Debug|x86
		Release|x64 = Release|x64
		Release|x86 = Release|x86
	EndGlobalSection
	GlobalSection(ProjectConfigurationPlatforms) = postSolution
		{C48CADD9-CCFF-4819-A860-840FC26E90AE}.Debug|x64.ActiveCfg = Debug|x64
		{C48CADD9-CCFF-4819-A860-840FC26E90AE}.Debug|x64.Build.0 = Debug|x64
		{C48CADD9-CCFF-4819-A860-840FC26E90AE}.Debug|x86.ActiveCfg = Debug|x86
		{C48CADD9-CCFF-4819-A860-840FC26E90AE}.Debug|x86.Build.0 = Debug|x86
		{C48CADD9-CCFF-4819-A860-840FC26E90AE}.Release|x64.ActiveCfg = Release|x64
		{C48CADD9-CCFF-4819-A860-840FC26E90AE}.Release|x64.Build.0 = Release|x64
		{C48CADD9-CCFF-4819-A860-840FC26E90AE}.Release|x86.ActiveCfg = Release|x86
		{C48CADD9-CCFF-4819-A860-840FC26E90AE}.Release|x86.Build.0 = Release|x86
	EndGlobalSection
	GlobalSection(SolutionProperties) = preSolution
		HideSolutionNode = FALSE
	EndGlobalSection
EndGlobal
